{
  "nodes": {
    "crane": {
      "inputs": {
        "nixpkgs": [
          "nixpkgs"
        ]
      },
      "locked": {
        "lastModified": 1720226507,
        "narHash": "sha256-yHVvNsgrpyNTXZBEokL8uyB2J6gB1wEx0KOJzoeZi1A=",
        "owner": "ipetkov",
        "repo": "crane",
        "rev": "0aed560c5c0a61c9385bddff471a13036203e11c",
        "type": "github"
      },
      "original": {
        "owner": "ipetkov",
        "ref": "v0.18.0",
        "repo": "crane",
        "type": "github"
      }
    },
    "d4": {
      "inputs": {
        "nixpkgs": [
          "nixpkgs"
        ]
      },
      "locked": {
        "lastModified": 1719266069,
        "narHash": "sha256-1IIbMrMLAFF21xN4UrGPUXdYfRszWn30WnpbZOYKW8U=",
        "owner": "SoftVarE-Group",
        "repo": "d4v2",
        "rev": "b7ae95cc97bb22e7231d03f5dae126f56fed4448",
        "type": "github"
      },
      "original": {
        "owner": "SoftVarE-Group",
        "ref": "mt-kahypar",
        "repo": "d4v2",
        "type": "github"
      }
    },
    "fenix": {
      "inputs": {
        "nixpkgs": [
          "nixpkgs"
        ],
        "rust-analyzer-src": "rust-analyzer-src"
      },
      "locked": {
        "lastModified": 1722839439,
        "narHash": "sha256-AwQv9kstzEOYjzuC9uY8jECqFJPuV/UxPLa30L3DLqo=",
        "owner": "nix-community",
        "repo": "fenix",
        "rev": "1388e72dd8562c8b2908fd655dee0c797df9e930",
        "type": "github"
      },
      "original": {
        "owner": "nix-community",
        "repo": "fenix",
        "type": "github"
      }
    },
    "nixpkgs": {
      "locked": {
        "lastModified": 1722651103,
        "narHash": "sha256-IRiJA0NVAoyaZeKZluwfb2DoTpBAj+FLI0KfybBeDU0=",
        "owner": "NixOS",
        "repo": "nixpkgs",
        "rev": "a633d89c6dc9a2a8aae11813a62d7c58b2c0cc51",
        "type": "github"
      },
      "original": {
        "owner": "NixOS",
        "ref": "nixos-24.05",
        "repo": "nixpkgs",
        "type": "github"
      }
    },
    "root": {
      "inputs": {
        "crane": "crane",
        "d4": "d4",
        "fenix": "fenix",
        "nixpkgs": "nixpkgs"
      }
    },
    "rust-analyzer-src": {
      "flake": false,
      "locked": {
        "lastModified": 1722798820,
        "narHash": "sha256-/Bd0VzlutcxTwSNouS/iC6BDv395NoO4XmBJaS2vQLg=",
        "owner": "rust-lang",
        "repo": "rust-analyzer",
        "rev": "c9109f23de57359df39db6fa36b5ca4c64b671e1",
        "type": "github"
      },
      "original": {
        "owner": "rust-lang",
        "ref": "nightly",
        "repo": "rust-analyzer",
        "type": "github"
      }
    }
  },
  "root": "root",
  "version": 7
}
