{
  "nodes": {
    "crane": {
      "inputs": {
        "nixpkgs": [
          "nixpkgs"
        ]
      },
      "locked": {
        "lastModified": 1720226507,
        "narHash": "sha256-yHVvNsgrpyNTXZBEokL8uyB2J6gB1wEx0KOJzoeZi1A=",
        "owner": "ipetkov",
        "repo": "crane",
        "rev": "0aed560c5c0a61c9385bddff471a13036203e11c",
        "type": "github"
      },
      "original": {
        "owner": "ipetkov",
        "ref": "v0.18.0",
        "repo": "crane",
        "type": "github"
      }
    },
    "d4": {
      "inputs": {
        "nixpkgs": [
          "nixpkgs"
        ]
      },
      "locked": {
        "lastModified": 1723729473,
        "narHash": "sha256-Rpj9x2kgAAnP496Fucjrz4UgPj2E1j4lomHR1RzOdi0=",
        "owner": "SoftVarE-Group",
        "repo": "d4v2",
        "rev": "ab3fe3e6f81ae398e734136723e424b9452dd93e",
        "type": "github"
      },
      "original": {
        "owner": "SoftVarE-Group",
        "ref": "mt-kahypar",
        "repo": "d4v2",
        "type": "github"
      }
    },
    "fenix": {
      "inputs": {
        "nixpkgs": [
          "nixpkgs"
        ],
        "rust-analyzer-src": "rust-analyzer-src"
      },
      "locked": {
        "lastModified": 1723703304,
        "narHash": "sha256-7ehq0nfRHpU3oNAkRpklaDxQZUpuaUig2sR2LI+IL/U=",
        "owner": "nix-community",
        "repo": "fenix",
        "rev": "6e4233dc54850e8aff6eff401400e9a9343881eb",
        "type": "github"
      },
      "original": {
        "owner": "nix-community",
        "repo": "fenix",
        "type": "github"
      }
    },
    "nixpkgs": {
      "locked": {
        "lastModified": 1723556749,
        "narHash": "sha256-+CHVZnTnIYRLYsARInHYoWkujzcRkLY/gXm3s5bE52o=",
        "owner": "NixOS",
        "repo": "nixpkgs",
        "rev": "4a92571f9207810b559c9eac203d1f4d79830073",
        "type": "github"
      },
      "original": {
        "owner": "NixOS",
        "ref": "nixos-24.05",
        "repo": "nixpkgs",
        "type": "github"
      }
    },
    "root": {
      "inputs": {
        "crane": "crane",
        "d4": "d4",
        "fenix": "fenix",
        "nixpkgs": "nixpkgs"
      }
    },
    "rust-analyzer-src": {
      "flake": false,
      "locked": {
        "lastModified": 1723648323,
        "narHash": "sha256-AT6K9JREduWC1zcIJIx8JTZa4sYZD6VvyB/xRnjphqY=",
        "owner": "rust-lang",
        "repo": "rust-analyzer",
        "rev": "64a140527b383e3a2fe95908881624fc5374c60c",
        "type": "github"
      },
      "original": {
        "owner": "rust-lang",
        "ref": "nightly",
        "repo": "rust-analyzer",
        "type": "github"
      }
    }
  },
  "root": "root",
  "version": 7
}
